
Microsoft Visual Studio Solution File, Format Version 12.00
# Visual Studio Version 16
VisualStudioVersion = 16.0.29709.97
MinimumVisualStudioVersion = 10.0.40219.1
Project("{FAE04EC0-301F-11D3-BF4B-00C04F79EFBC}") = "AmazonGiftCards", "AmazonGiftCards\AmazonGiftCards.csproj", "{499A190D-4C25-4C88-BAAB-B1DB1EDA702F}"
EndProject
Global
	GlobalSection(SolutionConfigurationPlatforms) = preSolution
		Debug|Any CPU = Debug|Any CPU
		Release|Any CPU = Release|Any CPU
	EndGlobalSection
	GlobalSection(ProjectConfigurationPlatforms) = postSolution
		{499A190D-4C25-4C88-BAAB-B1DB1EDA702F}.Debug|Any CPU.ActiveCfg = Debug|Any CPU
		{499A190D-4C25-4C88-BAAB-B1DB1EDA702F}.Debug|Any CPU.Build.0 = Debug|Any CPU
		{499A190D-4C25-4C88-BAAB-B1DB1EDA702F}.Release|Any CPU.ActiveCfg = Release|Any CPU
		{499A190D-4C25-4C88-BAAB-B1DB1EDA702F}.Release|Any CPU.Build.0 = Release|Any CPU
	EndGlobalSection
	GlobalSection(SolutionProperties) = preSolution
		HideSolutionNode = FALSE
	EndGlobalSection
	GlobalSection(ExtensibilityGlobals) = postSolution
		SolutionGuid = {8CEE310D-9565-4430-AD7C-919014169DD2}
	EndGlobalSection
EndGlobal
